
Microsoft Visual Studio Solution File, Format Version 12.00
# Visual Studio Version 17
VisualStudioVersion = 17.13.35931.197 d17.13
MinimumVisualStudioVersion = 10.0.40219.1
Project("{FAE04EC0-301F-11D3-BF4B-00C04F79EFBC}") = "MyLibraryPro", "MyLibraryPro\MyLibraryPro.csproj", "{343B29C1-BD68-4BFE-AA02-1D9A30CD914C}"
EndProject
Global
	GlobalSection(SolutionConfigurationPlatforms) = preSolution
		Debug|Any CPU = Debug|Any CPU
		Release|Any CPU = Release|Any CPU
	EndGlobalSection
	GlobalSection(ProjectConfigurationPlatforms) = postSolution
		{343B29C1-BD68-4BFE-AA02-1D9A30CD914C}.Debug|Any CPU.ActiveCfg = Debug|Any CPU
		{343B29C1-BD68-4BFE-AA02-1D9A30CD914C}.Debug|Any CPU.Build.0 = Debug|Any CPU
		{343B29C1-BD68-4BFE-AA02-1D9A30CD914C}.Release|Any CPU.ActiveCfg = Release|Any CPU
		{343B29C1-BD68-4BFE-AA02-1D9A30CD914C}.Release|Any CPU.Build.0 = Release|Any CPU
	EndGlobalSection
	GlobalSection(SolutionProperties) = preSolution
		HideSolutionNode = FALSE
	EndGlobalSection
	GlobalSection(ExtensibilityGlobals) = postSolution
		SolutionGuid = {3F8EB43E-5ABD-4677-93E4-21D0BA218BA4}
	EndGlobalSection
EndGlobal
